
Microsoft Visual Studio Solution File, Format Version 12.00
# Visual Studio Version 17
VisualStudioVersion = 17.6.33723.286
MinimumVisualStudioVersion = 10.0.40219.1
Project("{FAE04EC0-301F-11D3-BF4B-00C04F79EFBC}") = "Elagazas feladatsor", "Elagazas feladatsor.csproj", "{955889F9-9115-4ECE-8AE6-FC70E35CCB8C}"
EndProject
Global
	GlobalSection(SolutionConfigurationPlatforms) = preSolution
		Debug|Any CPU = Debug|Any CPU
		Release|Any CPU = Release|Any CPU
	EndGlobalSection
	GlobalSection(ProjectConfigurationPlatforms) = postSolution
		{955889F9-9115-4ECE-8AE6-FC70E35CCB8C}.Debug|Any CPU.ActiveCfg = Debug|Any CPU
		{955889F9-9115-4ECE-8AE6-FC70E35CCB8C}.Debug|Any CPU.Build.0 = Debug|Any CPU
		{955889F9-9115-4ECE-8AE6-FC70E35CCB8C}.Release|Any CPU.ActiveCfg = Release|Any CPU
		{955889F9-9115-4ECE-8AE6-FC70E35CCB8C}.Release|Any CPU.Build.0 = Release|Any CPU
	EndGlobalSection
	GlobalSection(SolutionProperties) = preSolution
		HideSolutionNode = FALSE
	EndGlobalSection
	GlobalSection(ExtensibilityGlobals) = postSolution
		SolutionGuid = {C8C2BFF1-513D-4B37-9FE1-075DF4083300}
	EndGlobalSection
EndGlobal
