
Microsoft Visual Studio Solution File, Format Version 12.00
# Visual Studio Version 17
VisualStudioVersion = 17.6.33723.286
MinimumVisualStudioVersion = 10.0.40219.1
Project("{FAE04EC0-301F-11D3-BF4B-00C04F79EFBC}") = "Legidosebb_Dolgozo", "Legidosebb_Dolgozo.csproj", "{C38B6BE5-6A14-4887-BBDB-EE557E88254D}"
EndProject
Global
	GlobalSection(SolutionConfigurationPlatforms) = preSolution
		Debug|Any CPU = Debug|Any CPU
		Release|Any CPU = Release|Any CPU
	EndGlobalSection
	GlobalSection(ProjectConfigurationPlatforms) = postSolution
		{C38B6BE5-6A14-4887-BBDB-EE557E88254D}.Debug|Any CPU.ActiveCfg = Debug|Any CPU
		{C38B6BE5-6A14-4887-BBDB-EE557E88254D}.Debug|Any CPU.Build.0 = Debug|Any CPU
		{C38B6BE5-6A14-4887-BBDB-EE557E88254D}.Release|Any CPU.ActiveCfg = Release|Any CPU
		{C38B6BE5-6A14-4887-BBDB-EE557E88254D}.Release|Any CPU.Build.0 = Release|Any CPU
	EndGlobalSection
	GlobalSection(SolutionProperties) = preSolution
		HideSolutionNode = FALSE
	EndGlobalSection
	GlobalSection(ExtensibilityGlobals) = postSolution
		SolutionGuid = {33EF60E9-ED78-4320-A8CD-695FA1E0CD87}
	EndGlobalSection
EndGlobal
